
Microsoft Visual Studio Solution File, Format Version 12.00
# Visual Studio 14
VisualStudioVersion = 14.0.25420.1
MinimumVisualStudioVersion = 10.0.40219.1
Project("{FAE04EC0-301F-11D3-BF4B-00C04F79EFBC}") = "Bootcamp20.Micro", "Bootcamp20.Micro\Bootcamp20.Micro.csproj", "{3F9E7878-F597-4A93-BAEB-99903B2C1401}"
EndProject
Project("{FAE04EC0-301F-11D3-BF4B-00C04F79EFBC}") = "Bootcamp20.Micro.BussinessLogic", "Bootcamp20.Micro.BussinessLogic\Bootcamp20.Micro.BussinessLogic.csproj", "{2AE9414A-D285-4DC1-BCD1-AE2CB61A10C9}"
EndProject
Project("{FAE04EC0-301F-11D3-BF4B-00C04F79EFBC}") = "Bootcamp20.Micro.Common", "Bootcamp20.Micro.Common\Bootcamp20.Micro.Common.csproj", "{73EC60BC-0228-42DD-BD34-72EF664729AA}"
EndProject
Project("{FAE04EC0-301F-11D3-BF4B-00C04F79EFBC}") = "Bootcamp20.Micro.Core", "Bootcamp20.Micro.Core\Bootcamp20.Micro.Core.csproj", "{78175550-025C-462C-91B6-02069E65191E}"
EndProject
Project("{FAE04EC0-301F-11D3-BF4B-00C04F79EFBC}") = "Bootcamp20.Micro.DataAccess", "Bootcamp20.Micro.DataAccess\Bootcamp20.Micro.DataAccess.csproj", "{34350B89-2B7A-49E2-AE79-F930FFFF6219}"
EndProject
Global
	GlobalSection(SolutionConfigurationPlatforms) = preSolution
		Debug|Any CPU = Debug|Any CPU
		Release|Any CPU = Release|Any CPU
	EndGlobalSection
	GlobalSection(ProjectConfigurationPlatforms) = postSolution
		{3F9E7878-F597-4A93-BAEB-99903B2C1401}.Debug|Any CPU.ActiveCfg = Debug|Any CPU
		{3F9E7878-F597-4A93-BAEB-99903B2C1401}.Debug|Any CPU.Build.0 = Debug|Any CPU
		{3F9E7878-F597-4A93-BAEB-99903B2C1401}.Release|Any CPU.ActiveCfg = Release|Any CPU
		{3F9E7878-F597-4A93-BAEB-99903B2C1401}.Release|Any CPU.Build.0 = Release|Any CPU
		{2AE9414A-D285-4DC1-BCD1-AE2CB61A10C9}.Debug|Any CPU.ActiveCfg = Debug|Any CPU
		{2AE9414A-D285-4DC1-BCD1-AE2CB61A10C9}.Debug|Any CPU.Build.0 = Debug|Any CPU
		{2AE9414A-D285-4DC1-BCD1-AE2CB61A10C9}.Release|Any CPU.ActiveCfg = Release|Any CPU
		{2AE9414A-D285-4DC1-BCD1-AE2CB61A10C9}.Release|Any CPU.Build.0 = Release|Any CPU
		{73EC60BC-0228-42DD-BD34-72EF664729AA}.Debug|Any CPU.ActiveCfg = Debug|Any CPU
		{73EC60BC-0228-42DD-BD34-72EF664729AA}.Debug|Any CPU.Build.0 = Debug|Any CPU
		{73EC60BC-0228-42DD-BD34-72EF664729AA}.Release|Any CPU.ActiveCfg = Release|Any CPU
		{73EC60BC-0228-42DD-BD34-72EF664729AA}.Release|Any CPU.Build.0 = Release|Any CPU
		{78175550-025C-462C-91B6-02069E65191E}.Debug|Any CPU.ActiveCfg = Debug|Any CPU
		{78175550-025C-462C-91B6-02069E65191E}.Debug|Any CPU.Build.0 = Debug|Any CPU
		{78175550-025C-462C-91B6-02069E65191E}.Release|Any CPU.ActiveCfg = Release|Any CPU
		{78175550-025C-462C-91B6-02069E65191E}.Release|Any CPU.Build.0 = Release|Any CPU
		{34350B89-2B7A-49E2-AE79-F930FFFF6219}.Debug|Any CPU.ActiveCfg = Debug|Any CPU
		{34350B89-2B7A-49E2-AE79-F930FFFF6219}.Debug|Any CPU.Build.0 = Debug|Any CPU
		{34350B89-2B7A-49E2-AE79-F930FFFF6219}.Release|Any CPU.ActiveCfg = Release|Any CPU
		{34350B89-2B7A-49E2-AE79-F930FFFF6219}.Release|Any CPU.Build.0 = Release|Any CPU
	EndGlobalSection
	GlobalSection(SolutionProperties) = preSolution
		HideSolutionNode = FALSE
	EndGlobalSection
EndGlobal
